# THIS IS AN AUTOGENERATED FILE. DO NOT EDIT THIS FILE DIRECTLY.
# yarn lockfile v1


"@types/react-dom@^18.2.7":
  version "18.3.7"
  resolved "file:../../node_modules/.pnpm/@types+react-dom@18.3.7_@types+react@18.3.23/node_modules/@types/react-dom"

"@types/react@^18.2.15":
  version "18.3.23"
  resolved "file:../../node_modules/.pnpm/@types+react@18.3.23/node_modules/@types/react"
  dependencies:
    "@types/prop-types" "*"
    csstype "^3.0.2"

"@typescript-eslint/eslint-plugin@^6.0.0":
  version "6.21.0"
  resolved "file:../../node_modules/.pnpm/@typescript-eslint+eslint-plugin@6.21.0_@typescript-eslint+parser@6.21.0_eslint@8.57.1__a4da07e27481b103bf67649635ff1b34/node_modules/@typescript-eslint/eslint-plugin"
  dependencies:
    "@eslint-community/regexpp" "^4.5.1"
    "@typescript-eslint/scope-manager" "6.21.0"
    "@typescript-eslint/type-utils" "6.21.0"
    "@typescript-eslint/utils" "6.21.0"
    "@typescript-eslint/visitor-keys" "6.21.0"
    debug "^4.3.4"
    graphemer "^1.4.0"
    ignore "^5.2.4"
    natural-compare "^1.4.0"
    semver "^7.5.4"
    ts-api-utils "^1.0.1"

"@typescript-eslint/parser@^6.0.0":
  version "6.21.0"
  resolved "file:../../node_modules/.pnpm/@typescript-eslint+parser@6.21.0_eslint@8.57.1_typescript@5.2.2/node_modules/@typescript-eslint/parser"
  dependencies:
    "@typescript-eslint/scope-manager" "6.21.0"
    "@typescript-eslint/types" "6.21.0"
    "@typescript-eslint/typescript-estree" "6.21.0"
    "@typescript-eslint/visitor-keys" "6.21.0"
    debug "^4.3.4"

"@vitejs/plugin-react-swc@^3.3.2":
  version "3.11.0"
  resolved "file:../../node_modules/.pnpm/@vitejs+plugin-react-swc@3.11.0_vite@4.5.14_@types+node@18.19.122_less@4.4.0_terser@5.43.1_/node_modules/@vitejs/plugin-react-swc"
  dependencies:
    "@rolldown/pluginutils" "1.0.0-beta.27"
    "@swc/core" "^1.12.11"

agora-extension-beauty-effect@^1.0.2-beta:
  version "1.0.2-beta"
  resolved "https://registry.npmjs.org/agora-extension-beauty-effect/-/agora-extension-beauty-effect-1.0.2-beta.tgz"
  integrity sha512-nCEznllqgZiLmyzvUF4RxWdHXuFrVUWYlKhyl3ianvfF/9DY2551QQBuiRv6uPVsy4TEEWMwBX91EwxPX7v4Ig==

agora-rtc-sdk-ng@^4.19.0:
  version "4.24.0"
  resolved "file:../../node_modules/.pnpm/agora-rtc-sdk-ng@4.24.0/node_modules/agora-rtc-sdk-ng"
  dependencies:
    "@agora-js/media" "4.24.0"
    "@agora-js/report" "4.24.0"
    "@agora-js/shared" "4.24.0"
    agora-rte-extension "^1.2.4"
    axios "^1.8.3"
    formdata-polyfill "^4.0.7"
    pako "^2.1.0"
    ua-parser-js "^0.7.34"
    webrtc-adapter "8.2.0"

eslint-plugin-react-hooks@^4.6.0:
  version "4.6.2"
  resolved "file:../../node_modules/.pnpm/eslint-plugin-react-hooks@4.6.2_eslint@8.57.1/node_modules/eslint-plugin-react-hooks"

eslint-plugin-react-refresh@^0.4.3:
  version "0.4.20"
  resolved "file:../../node_modules/.pnpm/eslint-plugin-react-refresh@0.4.20_eslint@8.57.1/node_modules/eslint-plugin-react-refresh"

eslint@^8.45.0:
  version "8.57.1"
  resolved "file:../../node_modules/.pnpm/eslint@8.57.1/node_modules/eslint"
  dependencies:
    "@eslint-community/eslint-utils" "^4.2.0"
    "@eslint-community/regexpp" "^4.6.1"
    "@eslint/eslintrc" "^2.1.4"
    "@eslint/js" "8.57.1"
    "@humanwhocodes/config-array" "^0.13.0"
    "@humanwhocodes/module-importer" "^1.0.1"
    "@nodelib/fs.walk" "^1.2.8"
    "@ungap/structured-clone" "^1.2.0"
    ajv "^6.12.4"
    chalk "^4.0.0"
    cross-spawn "^7.0.2"
    debug "^4.3.2"
    doctrine "^3.0.0"
    escape-string-regexp "^4.0.0"
    eslint-scope "^7.2.2"
    eslint-visitor-keys "^3.4.3"
    espree "^9.6.1"
    esquery "^1.4.2"
    esutils "^2.0.2"
    fast-deep-equal "^3.1.3"
    file-entry-cache "^6.0.1"
    find-up "^5.0.0"
    glob-parent "^6.0.2"
    globals "^13.19.0"
    graphemer "^1.4.0"
    ignore "^5.2.0"
    imurmurhash "^0.1.4"
    is-glob "^4.0.0"
    is-path-inside "^3.0.3"
    js-yaml "^4.1.0"
    json-stable-stringify-without-jsonify "^1.0.1"
    levn "^0.4.1"
    lodash.merge "^4.6.2"
    minimatch "^3.1.2"
    natural-compare "^1.4.0"
    optionator "^0.9.3"
    strip-ansi "^6.0.1"
    text-table "^0.2.0"

react-dom@^18.2.0:
  version "18.3.1"
  resolved "file:../../node_modules/.pnpm/react-dom@18.3.1_react@18.3.1/node_modules/react-dom"
  dependencies:
    loose-envify "^1.1.0"
    scheduler "^0.23.2"

react@^18.2.0:
  version "18.3.1"
  resolved "file:../../node_modules/.pnpm/react@18.3.1/node_modules/react"
  dependencies:
    loose-envify "^1.1.0"

typescript@^5.0.2:
  version "5.2.2"
  resolved "file:../../node_modules/.pnpm/typescript@5.2.2/node_modules/typescript"

vite@^4.4.5:
  version "4.5.14"
  resolved "file:../../node_modules/.pnpm/vite@4.5.14_@types+node@18.19.122_less@4.4.0_terser@5.43.1/node_modules/vite"
  dependencies:
    esbuild "^0.18.10"
    postcss "^8.4.27"
    rollup "^3.27.1"
  optionalDependencies:
    fsevents "~2.3.2"
